
Microsoft Visual Studio Solution File, Format Version 12.00
# Visual Studio Version 17
VisualStudioVersion = 17.13.35913.81
MinimumVisualStudioVersion = 10.0.40219.1
Project("{FAE04EC0-301F-11D3-BF4B-00C04F79EFBC}") = "Take5Demo", "Take5Demo\Take5Demo.csproj", "{0E75513A-E6F4-42B9-A6C2-AD705B9F5ECD}"
EndProject
Global
	GlobalSection(SolutionConfigurationPlatforms) = preSolution
		Debug|Any CPU = Debug|Any CPU
		Release|Any CPU = Release|Any CPU
	EndGlobalSection
	GlobalSection(ProjectConfigurationPlatforms) = postSolution
		{0E75513A-E6F4-42B9-A6C2-AD705B9F5ECD}.Debug|Any CPU.ActiveCfg = Debug|Any CPU
		{0E75513A-E6F4-42B9-A6C2-AD705B9F5ECD}.Debug|Any CPU.Build.0 = Debug|Any CPU
		{0E75513A-E6F4-42B9-A6C2-AD705B9F5ECD}.Debug|Any CPU.Deploy.0 = Debug|Any CPU
		{0E75513A-E6F4-42B9-A6C2-AD705B9F5ECD}.Release|Any CPU.ActiveCfg = Release|Any CPU
		{0E75513A-E6F4-42B9-A6C2-AD705B9F5ECD}.Release|Any CPU.Build.0 = Release|Any CPU
	EndGlobalSection
	GlobalSection(SolutionProperties) = preSolution
		HideSolutionNode = FALSE
	EndGlobalSection
	GlobalSection(ExtensibilityGlobals) = postSolution
		SolutionGuid = {1B3B9661-C065-4438-9B7F-F537B660C572}
	EndGlobalSection
EndGlobal
